
Microsoft Visual Studio Solution File, Format Version 12.00
# Visual Studio Version 16
VisualStudioVersion = 16.0.32802.440
MinimumVisualStudioVersion = 10.0.40219.1
Project("{8BC9CEB8-8B4A-11D0-8D11-00A0C91BC942}") = "20221110_jsp_log", "20221110_jsp_log\20221110_jsp_log.vcxproj", "{EA0E5076-F7D4-47E1-9506-6EF0A023EA79}"
EndProject
Global
	GlobalSection(SolutionConfigurationPlatforms) = preSolution
		Debug|x64 = Debug|x64
		Debug|x86 = Debug|x86
		Release|x64 = Release|x64
		Release|x86 = Release|x86
	EndGlobalSection
	GlobalSection(ProjectConfigurationPlatforms) = postSolution
		{EA0E5076-F7D4-47E1-9506-6EF0A023EA79}.Debug|x64.ActiveCfg = Debug|x64
		{EA0E5076-F7D4-47E1-9506-6EF0A023EA79}.Debug|x64.Build.0 = Debug|x64
		{EA0E5076-F7D4-47E1-9506-6EF0A023EA79}.Debug|x86.ActiveCfg = Debug|Win32
		{EA0E5076-F7D4-47E1-9506-6EF0A023EA79}.Debug|x86.Build.0 = Debug|Win32
		{EA0E5076-F7D4-47E1-9506-6EF0A023EA79}.Release|x64.ActiveCfg = Release|x64
		{EA0E5076-F7D4-47E1-9506-6EF0A023EA79}.Release|x64.Build.0 = Release|x64
		{EA0E5076-F7D4-47E1-9506-6EF0A023EA79}.Release|x86.ActiveCfg = Release|Win32
		{EA0E5076-F7D4-47E1-9506-6EF0A023EA79}.Release|x86.Build.0 = Release|Win32
	EndGlobalSection
	GlobalSection(SolutionProperties) = preSolution
		HideSolutionNode = FALSE
	EndGlobalSection
	GlobalSection(ExtensibilityGlobals) = postSolution
		SolutionGuid = {7EC99156-820E-4436-90C5-D2867225BFB5}
	EndGlobalSection
EndGlobal
