
Microsoft Visual Studio Solution File, Format Version 12.00
# Visual Studio Version 16
VisualStudioVersion = 16.0.32802.440
MinimumVisualStudioVersion = 10.0.40219.1
Project("{8BC9CEB8-8B4A-11D0-8D11-00A0C91BC942}") = "20220907_jsp_test1", "20220907_jsp_test1\20220907_jsp_test1.vcxproj", "{A7DC9AE1-8189-4D56-8B06-E7495727BB48}"
EndProject
Global
	GlobalSection(SolutionConfigurationPlatforms) = preSolution
		Debug|x64 = Debug|x64
		Debug|x86 = Debug|x86
		Release|x64 = Release|x64
		Release|x86 = Release|x86
	EndGlobalSection
	GlobalSection(ProjectConfigurationPlatforms) = postSolution
		{A7DC9AE1-8189-4D56-8B06-E7495727BB48}.Debug|x64.ActiveCfg = Debug|x64
		{A7DC9AE1-8189-4D56-8B06-E7495727BB48}.Debug|x64.Build.0 = Debug|x64
		{A7DC9AE1-8189-4D56-8B06-E7495727BB48}.Debug|x86.ActiveCfg = Debug|Win32
		{A7DC9AE1-8189-4D56-8B06-E7495727BB48}.Debug|x86.Build.0 = Debug|Win32
		{A7DC9AE1-8189-4D56-8B06-E7495727BB48}.Release|x64.ActiveCfg = Release|x64
		{A7DC9AE1-8189-4D56-8B06-E7495727BB48}.Release|x64.Build.0 = Release|x64
		{A7DC9AE1-8189-4D56-8B06-E7495727BB48}.Release|x86.ActiveCfg = Release|Win32
		{A7DC9AE1-8189-4D56-8B06-E7495727BB48}.Release|x86.Build.0 = Release|Win32
	EndGlobalSection
	GlobalSection(SolutionProperties) = preSolution
		HideSolutionNode = FALSE
	EndGlobalSection
	GlobalSection(ExtensibilityGlobals) = postSolution
		SolutionGuid = {664DC0FD-95DA-4576-8297-FC41E61D6006}
	EndGlobalSection
EndGlobal
