
Microsoft Visual Studio Solution File, Format Version 12.00
# Visual Studio Version 16
VisualStudioVersion = 16.0.32802.440
MinimumVisualStudioVersion = 10.0.40219.1
Project("{8BC9CEB8-8B4A-11D0-8D11-00A0C91BC942}") = "final_jsp_test5", "final_jsp_test5\final_jsp_test5.vcxproj", "{90FCF30F-14FF-4052-91BE-BECA379CAD3D}"
EndProject
Global
	GlobalSection(SolutionConfigurationPlatforms) = preSolution
		Debug|x64 = Debug|x64
		Debug|x86 = Debug|x86
		Release|x64 = Release|x64
		Release|x86 = Release|x86
	EndGlobalSection
	GlobalSection(ProjectConfigurationPlatforms) = postSolution
		{90FCF30F-14FF-4052-91BE-BECA379CAD3D}.Debug|x64.ActiveCfg = Debug|x64
		{90FCF30F-14FF-4052-91BE-BECA379CAD3D}.Debug|x64.Build.0 = Debug|x64
		{90FCF30F-14FF-4052-91BE-BECA379CAD3D}.Debug|x86.ActiveCfg = Debug|Win32
		{90FCF30F-14FF-4052-91BE-BECA379CAD3D}.Debug|x86.Build.0 = Debug|Win32
		{90FCF30F-14FF-4052-91BE-BECA379CAD3D}.Release|x64.ActiveCfg = Release|x64
		{90FCF30F-14FF-4052-91BE-BECA379CAD3D}.Release|x64.Build.0 = Release|x64
		{90FCF30F-14FF-4052-91BE-BECA379CAD3D}.Release|x86.ActiveCfg = Release|Win32
		{90FCF30F-14FF-4052-91BE-BECA379CAD3D}.Release|x86.Build.0 = Release|Win32
	EndGlobalSection
	GlobalSection(SolutionProperties) = preSolution
		HideSolutionNode = FALSE
	EndGlobalSection
	GlobalSection(ExtensibilityGlobals) = postSolution
		SolutionGuid = {6DE5B835-57A8-4762-AAEC-DFCDE706C0C2}
	EndGlobalSection
EndGlobal
